
Microsoft Visual Studio Solution File, Format Version 12.00
# Visual Studio 2013
VisualStudioVersion = 12.0.31101.0
MinimumVisualStudioVersion = 10.0.40219.1
Project("{2150E333-8FDC-42A3-9474-1A3956D46DE8}") = ".nuget", ".nuget", "{69CEAB4B-DEF1-41E6-A599-D9794769FC31}"
	ProjectSection(SolutionItems) = preProject
		.nuget\packages.config = .nuget\packages.config
	EndProjectSection
EndProject
Project("{CC5FD16D-436D-48AD-A40C-5A424C6E3E79}") = "Lunggo.CW", "Lunggo\Lunggo.CW.ccproj", "{F3A0985F-4551-44DA-9C54-3E593F6ADCF2}"
EndProject
Project("{FAE04EC0-301F-11D3-BF4B-00C04F79EFBC}") = "Lunggo.CustomerWeb", "Lunggo.CustomerWeb\Lunggo.CustomerWeb.csproj", "{C6C677D1-BB06-45C7-94DE-C9BB2603907B}"
	ProjectSection(ProjectDependencies) = postProject
		{9A51106C-BD55-40CC-A1C6-6FC3CB74EC8A} = {9A51106C-BD55-40CC-A1C6-6FC3CB74EC8A}
		{E0624FFE-A4C2-44F5-9F9F-8C71F3B32AED} = {E0624FFE-A4C2-44F5-9F9F-8C71F3B32AED}
	EndProjectSection
EndProject
Project("{FAE04EC0-301F-11D3-BF4B-00C04F79EFBC}") = "Lunggo.Driver", "Lunggo.Driver\Lunggo.Driver.csproj", "{151669CE-58C5-4FC6-8286-F1353AAC474E}"
	ProjectSection(ProjectDependencies) = postProject
		{50B8C0C0-6B28-46FD-BA90-771D8C9F12A1} = {50B8C0C0-6B28-46FD-BA90-771D8C9F12A1}
	EndProjectSection
EndProject
Project("{FAE04EC0-301F-11D3-BF4B-00C04F79EFBC}") = "Lunggo.Framework", "Lunggo.Framework\Lunggo.Framework.csproj", "{E0624FFE-A4C2-44F5-9F9F-8C71F3B32AED}"
EndProject
Project("{FAE04EC0-301F-11D3-BF4B-00C04F79EFBC}") = "Lunggo.Repository", "Lunggo.Repo\Lunggo.Repository.csproj", "{50B8C0C0-6B28-46FD-BA90-771D8C9F12A1}"
EndProject
Project("{FAE04EC0-301F-11D3-BF4B-00C04F79EFBC}") = "Lunggo.Configuration", "Lunggo.Configuration\Lunggo.Configuration.csproj", "{AD5D590D-9C0F-41BA-9133-D3866C0FD0BB}"
EndProject
Project("{FAE04EC0-301F-11D3-BF4B-00C04F79EFBC}") = "Lunggo.Generator", "Lunggo.Generator\Lunggo.Generator.csproj", "{0D1AAD8E-16D5-4B52-9CB3-AB6E91537510}"
EndProject
Project("{FAE04EC0-301F-11D3-BF4B-00C04F79EFBC}") = "Lunggo.Hotel", "Lunggo.Hotel\Lunggo.Hotel.csproj", "{9F226318-0164-4D44-8B2D-4139CACA98D2}"
EndProject
Project("{FAE04EC0-301F-11D3-BF4B-00C04F79EFBC}") = "Lunggo.Flight", "Lunggo.Flight\Lunggo.Flight.csproj", "{DB1D6DF9-ACA2-41A0-8E5F-513A376DE8D3}"
EndProject
Project("{FAE04EC0-301F-11D3-BF4B-00C04F79EFBC}") = "Lunggo.ApCommon", "Lunggo.ApCommon\Lunggo.ApCommon.csproj", "{9A51106C-BD55-40CC-A1C6-6FC3CB74EC8A}"
	ProjectSection(ProjectDependencies) = postProject
		{E0624FFE-A4C2-44F5-9F9F-8C71F3B32AED} = {E0624FFE-A4C2-44F5-9F9F-8C71F3B32AED}
	EndProjectSection
EndProject
Project("{2150E333-8FDC-42A3-9474-1A3956D46DE8}") = ".nuget (2)", ".nuget (2)", "{02050831-C9DA-40B1-8429-25D0859248E7}"
EndProject
Project("{FAE04EC0-301F-11D3-BF4B-00C04F79EFBC}") = "Lunggo.WebJob.TicketQueueHandler", "Lunggo.WebJob.TicketQueueHandler\Lunggo.WebJob.TicketQueueHandler.csproj", "{1B62F3FC-8B82-4051-9F3D-974AD5005F9D}"
EndProject
Project("{FAE04EC0-301F-11D3-BF4B-00C04F79EFBC}") = "Lunggo.BackendWeb", "Lunggo.BackendWeb\Lunggo.BackendWeb.csproj", "{78EF7AAF-20EA-424F-A45C-DC2CE127E149}"
EndProject
Project("{FAE04EC0-301F-11D3-BF4B-00C04F79EFBC}") = "TravolutionaryWebServiceTest", "TravolutionaryWebServiceTest\TravolutionaryWebServiceTest.csproj", "{29643E66-47AE-41E5-A0A3-FB7FCAA332E4}"
EndProject
Project("{FAE04EC0-301F-11D3-BF4B-00C04F79EFBC}") = "Lunggo.WebAPI", "Lunggo.WebAPI\Lunggo.WebAPI.csproj", "{94C45B65-F662-4262-A745-0D023F9C9FF9}"
EndProject
Project("{FAE04EC0-301F-11D3-BF4B-00C04F79EFBC}") = "Lunggo.WebJob.MystiflyQueueHandler", "Lunggo.Webjob.MystiflyQueueHandler\Lunggo.WebJob.MystiflyQueueHandler.csproj", "{CF2D74B6-E99C-4C39-92F7-E36855C06BD5}"
EndProject
Project("{FAE04EC0-301F-11D3-BF4B-00C04F79EFBC}") = "Lunggo.WebJob.EmailQueueHandler", "Lunggo.WebJob.EmailQueueHandler\Lunggo.WebJob.EmailQueueHandler.csproj", "{F8450B86-5157-453A-9B2F-CC0A2DD4A1A9}"
EndProject
Project("{FAE04EC0-301F-11D3-BF4B-00C04F79EFBC}") = "Lunggo.WebJob.EticketQueueHandler", "Lunggo.WebJob.EticketQueueHandler\Lunggo.WebJob.EticketQueueHandler.csproj", "{54AEE92A-2EF9-4184-9395-6F5A9883E50D}"
EndProject
Global
	GlobalSection(SolutionConfigurationPlatforms) = preSolution
		Debug|Any CPU = Debug|Any CPU
		Debug|ARM = Debug|ARM
		Debug|x64 = Debug|x64
		Debug|x86 = Debug|x86
		Release|Any CPU = Release|Any CPU
		Release|ARM = Release|ARM
		Release|x64 = Release|x64
		Release|x86 = Release|x86
	EndGlobalSection
	GlobalSection(ProjectConfigurationPlatforms) = postSolution
		{F3A0985F-4551-44DA-9C54-3E593F6ADCF2}.Debug|Any CPU.ActiveCfg = Debug|Any CPU
		{F3A0985F-4551-44DA-9C54-3E593F6ADCF2}.Debug|Any CPU.Build.0 = Debug|Any CPU
		{F3A0985F-4551-44DA-9C54-3E593F6ADCF2}.Debug|ARM.ActiveCfg = Debug|Any CPU
		{F3A0985F-4551-44DA-9C54-3E593F6ADCF2}.Debug|x64.ActiveCfg = Debug|Any CPU
		{F3A0985F-4551-44DA-9C54-3E593F6ADCF2}.Debug|x86.ActiveCfg = Debug|Any CPU
		{F3A0985F-4551-44DA-9C54-3E593F6ADCF2}.Release|Any CPU.ActiveCfg = Release|Any CPU
		{F3A0985F-4551-44DA-9C54-3E593F6ADCF2}.Release|Any CPU.Build.0 = Release|Any CPU
		{F3A0985F-4551-44DA-9C54-3E593F6ADCF2}.Release|ARM.ActiveCfg = Release|Any CPU
		{F3A0985F-4551-44DA-9C54-3E593F6ADCF2}.Release|x64.ActiveCfg = Release|Any CPU
		{F3A0985F-4551-44DA-9C54-3E593F6ADCF2}.Release|x86.ActiveCfg = Release|Any CPU
		{C6C677D1-BB06-45C7-94DE-C9BB2603907B}.Debug|Any CPU.ActiveCfg = Debug|Any CPU
		{C6C677D1-BB06-45C7-94DE-C9BB2603907B}.Debug|Any CPU.Build.0 = Debug|Any CPU
		{C6C677D1-BB06-45C7-94DE-C9BB2603907B}.Debug|ARM.ActiveCfg = Debug|Any CPU
		{C6C677D1-BB06-45C7-94DE-C9BB2603907B}.Debug|x64.ActiveCfg = Debug|Any CPU
		{C6C677D1-BB06-45C7-94DE-C9BB2603907B}.Debug|x86.ActiveCfg = Debug|Any CPU
		{C6C677D1-BB06-45C7-94DE-C9BB2603907B}.Release|Any CPU.ActiveCfg = Release|Any CPU
		{C6C677D1-BB06-45C7-94DE-C9BB2603907B}.Release|Any CPU.Build.0 = Release|Any CPU
		{C6C677D1-BB06-45C7-94DE-C9BB2603907B}.Release|ARM.ActiveCfg = Release|Any CPU
		{C6C677D1-BB06-45C7-94DE-C9BB2603907B}.Release|x64.ActiveCfg = Release|Any CPU
		{C6C677D1-BB06-45C7-94DE-C9BB2603907B}.Release|x86.ActiveCfg = Release|Any CPU
		{151669CE-58C5-4FC6-8286-F1353AAC474E}.Debug|Any CPU.ActiveCfg = Debug|Any CPU
		{151669CE-58C5-4FC6-8286-F1353AAC474E}.Debug|Any CPU.Build.0 = Debug|Any CPU
		{151669CE-58C5-4FC6-8286-F1353AAC474E}.Debug|ARM.ActiveCfg = Debug|Any CPU
		{151669CE-58C5-4FC6-8286-F1353AAC474E}.Debug|x64.ActiveCfg = Debug|Any CPU
		{151669CE-58C5-4FC6-8286-F1353AAC474E}.Debug|x86.ActiveCfg = Debug|Any CPU
		{151669CE-58C5-4FC6-8286-F1353AAC474E}.Release|Any CPU.ActiveCfg = Release|Any CPU
		{151669CE-58C5-4FC6-8286-F1353AAC474E}.Release|Any CPU.Build.0 = Release|Any CPU
		{151669CE-58C5-4FC6-8286-F1353AAC474E}.Release|ARM.ActiveCfg = Release|Any CPU
		{151669CE-58C5-4FC6-8286-F1353AAC474E}.Release|x64.ActiveCfg = Release|Any CPU
		{151669CE-58C5-4FC6-8286-F1353AAC474E}.Release|x86.ActiveCfg = Release|Any CPU
		{E0624FFE-A4C2-44F5-9F9F-8C71F3B32AED}.Debug|Any CPU.ActiveCfg = Debug|Any CPU
		{E0624FFE-A4C2-44F5-9F9F-8C71F3B32AED}.Debug|Any CPU.Build.0 = Debug|Any CPU
		{E0624FFE-A4C2-44F5-9F9F-8C71F3B32AED}.Debug|ARM.ActiveCfg = Debug|Any CPU
		{E0624FFE-A4C2-44F5-9F9F-8C71F3B32AED}.Debug|x64.ActiveCfg = Debug|Any CPU
		{E0624FFE-A4C2-44F5-9F9F-8C71F3B32AED}.Debug|x86.ActiveCfg = Debug|Any CPU
		{E0624FFE-A4C2-44F5-9F9F-8C71F3B32AED}.Release|Any CPU.ActiveCfg = Release|Any CPU
		{E0624FFE-A4C2-44F5-9F9F-8C71F3B32AED}.Release|Any CPU.Build.0 = Release|Any CPU
		{E0624FFE-A4C2-44F5-9F9F-8C71F3B32AED}.Release|ARM.ActiveCfg = Release|Any CPU
		{E0624FFE-A4C2-44F5-9F9F-8C71F3B32AED}.Release|x64.ActiveCfg = Release|Any CPU
		{E0624FFE-A4C2-44F5-9F9F-8C71F3B32AED}.Release|x86.ActiveCfg = Release|Any CPU
		{50B8C0C0-6B28-46FD-BA90-771D8C9F12A1}.Debug|Any CPU.ActiveCfg = Debug|Any CPU
		{50B8C0C0-6B28-46FD-BA90-771D8C9F12A1}.Debug|Any CPU.Build.0 = Debug|Any CPU
		{50B8C0C0-6B28-46FD-BA90-771D8C9F12A1}.Debug|ARM.ActiveCfg = Debug|Any CPU
		{50B8C0C0-6B28-46FD-BA90-771D8C9F12A1}.Debug|x64.ActiveCfg = Debug|Any CPU
		{50B8C0C0-6B28-46FD-BA90-771D8C9F12A1}.Debug|x86.ActiveCfg = Debug|Any CPU
		{50B8C0C0-6B28-46FD-BA90-771D8C9F12A1}.Release|Any CPU.ActiveCfg = Release|Any CPU
		{50B8C0C0-6B28-46FD-BA90-771D8C9F12A1}.Release|Any CPU.Build.0 = Release|Any CPU
		{50B8C0C0-6B28-46FD-BA90-771D8C9F12A1}.Release|ARM.ActiveCfg = Release|Any CPU
		{50B8C0C0-6B28-46FD-BA90-771D8C9F12A1}.Release|x64.ActiveCfg = Release|Any CPU
		{50B8C0C0-6B28-46FD-BA90-771D8C9F12A1}.Release|x86.ActiveCfg = Release|Any CPU
		{AD5D590D-9C0F-41BA-9133-D3866C0FD0BB}.Debug|Any CPU.ActiveCfg = Debug|Any CPU
		{AD5D590D-9C0F-41BA-9133-D3866C0FD0BB}.Debug|Any CPU.Build.0 = Debug|Any CPU
		{AD5D590D-9C0F-41BA-9133-D3866C0FD0BB}.Debug|ARM.ActiveCfg = Debug|Any CPU
		{AD5D590D-9C0F-41BA-9133-D3866C0FD0BB}.Debug|x64.ActiveCfg = Debug|Any CPU
		{AD5D590D-9C0F-41BA-9133-D3866C0FD0BB}.Debug|x86.ActiveCfg = Debug|Any CPU
		{AD5D590D-9C0F-41BA-9133-D3866C0FD0BB}.Release|Any CPU.ActiveCfg = Release|Any CPU
		{AD5D590D-9C0F-41BA-9133-D3866C0FD0BB}.Release|Any CPU.Build.0 = Release|Any CPU
		{AD5D590D-9C0F-41BA-9133-D3866C0FD0BB}.Release|ARM.ActiveCfg = Release|Any CPU
		{AD5D590D-9C0F-41BA-9133-D3866C0FD0BB}.Release|x64.ActiveCfg = Release|Any CPU
		{AD5D590D-9C0F-41BA-9133-D3866C0FD0BB}.Release|x86.ActiveCfg = Release|Any CPU
		{0D1AAD8E-16D5-4B52-9CB3-AB6E91537510}.Debug|Any CPU.ActiveCfg = Debug|Any CPU
		{0D1AAD8E-16D5-4B52-9CB3-AB6E91537510}.Debug|Any CPU.Build.0 = Debug|Any CPU
		{0D1AAD8E-16D5-4B52-9CB3-AB6E91537510}.Debug|ARM.ActiveCfg = Debug|Any CPU
		{0D1AAD8E-16D5-4B52-9CB3-AB6E91537510}.Debug|x64.ActiveCfg = Debug|Any CPU
		{0D1AAD8E-16D5-4B52-9CB3-AB6E91537510}.Debug|x86.ActiveCfg = Debug|Any CPU
		{0D1AAD8E-16D5-4B52-9CB3-AB6E91537510}.Release|Any CPU.ActiveCfg = Release|Any CPU
		{0D1AAD8E-16D5-4B52-9CB3-AB6E91537510}.Release|Any CPU.Build.0 = Release|Any CPU
		{0D1AAD8E-16D5-4B52-9CB3-AB6E91537510}.Release|ARM.ActiveCfg = Release|Any CPU
		{0D1AAD8E-16D5-4B52-9CB3-AB6E91537510}.Release|x64.ActiveCfg = Release|Any CPU
		{0D1AAD8E-16D5-4B52-9CB3-AB6E91537510}.Release|x86.ActiveCfg = Release|Any CPU
		{9F226318-0164-4D44-8B2D-4139CACA98D2}.Debug|Any CPU.ActiveCfg = Debug|Any CPU
		{9F226318-0164-4D44-8B2D-4139CACA98D2}.Debug|Any CPU.Build.0 = Debug|Any CPU
		{9F226318-0164-4D44-8B2D-4139CACA98D2}.Debug|ARM.ActiveCfg = Debug|Any CPU
		{9F226318-0164-4D44-8B2D-4139CACA98D2}.Debug|x64.ActiveCfg = Debug|Any CPU
		{9F226318-0164-4D44-8B2D-4139CACA98D2}.Debug|x86.ActiveCfg = Debug|Any CPU
		{9F226318-0164-4D44-8B2D-4139CACA98D2}.Release|Any CPU.ActiveCfg = Release|Any CPU
		{9F226318-0164-4D44-8B2D-4139CACA98D2}.Release|Any CPU.Build.0 = Release|Any CPU
		{9F226318-0164-4D44-8B2D-4139CACA98D2}.Release|ARM.ActiveCfg = Release|Any CPU
		{9F226318-0164-4D44-8B2D-4139CACA98D2}.Release|x64.ActiveCfg = Release|Any CPU
		{9F226318-0164-4D44-8B2D-4139CACA98D2}.Release|x86.ActiveCfg = Release|Any CPU
		{DB1D6DF9-ACA2-41A0-8E5F-513A376DE8D3}.Debug|Any CPU.ActiveCfg = Debug|Any CPU
		{DB1D6DF9-ACA2-41A0-8E5F-513A376DE8D3}.Debug|Any CPU.Build.0 = Debug|Any CPU
		{DB1D6DF9-ACA2-41A0-8E5F-513A376DE8D3}.Debug|ARM.ActiveCfg = Debug|Any CPU
		{DB1D6DF9-ACA2-41A0-8E5F-513A376DE8D3}.Debug|x64.ActiveCfg = Debug|Any CPU
		{DB1D6DF9-ACA2-41A0-8E5F-513A376DE8D3}.Debug|x86.ActiveCfg = Debug|Any CPU
		{DB1D6DF9-ACA2-41A0-8E5F-513A376DE8D3}.Release|Any CPU.ActiveCfg = Release|Any CPU
		{DB1D6DF9-ACA2-41A0-8E5F-513A376DE8D3}.Release|Any CPU.Build.0 = Release|Any CPU
		{DB1D6DF9-ACA2-41A0-8E5F-513A376DE8D3}.Release|ARM.ActiveCfg = Release|Any CPU
		{DB1D6DF9-ACA2-41A0-8E5F-513A376DE8D3}.Release|x64.ActiveCfg = Release|Any CPU
		{DB1D6DF9-ACA2-41A0-8E5F-513A376DE8D3}.Release|x86.ActiveCfg = Release|Any CPU
		{9A51106C-BD55-40CC-A1C6-6FC3CB74EC8A}.Debug|Any CPU.ActiveCfg = Debug|Any CPU
		{9A51106C-BD55-40CC-A1C6-6FC3CB74EC8A}.Debug|Any CPU.Build.0 = Debug|Any CPU
		{9A51106C-BD55-40CC-A1C6-6FC3CB74EC8A}.Debug|ARM.ActiveCfg = Debug|Any CPU
		{9A51106C-BD55-40CC-A1C6-6FC3CB74EC8A}.Debug|x64.ActiveCfg = Debug|Any CPU
		{9A51106C-BD55-40CC-A1C6-6FC3CB74EC8A}.Debug|x86.ActiveCfg = Debug|Any CPU
		{9A51106C-BD55-40CC-A1C6-6FC3CB74EC8A}.Release|Any CPU.ActiveCfg = Release|Any CPU
		{9A51106C-BD55-40CC-A1C6-6FC3CB74EC8A}.Release|Any CPU.Build.0 = Release|Any CPU
		{9A51106C-BD55-40CC-A1C6-6FC3CB74EC8A}.Release|ARM.ActiveCfg = Release|Any CPU
		{9A51106C-BD55-40CC-A1C6-6FC3CB74EC8A}.Release|x64.ActiveCfg = Release|Any CPU
		{9A51106C-BD55-40CC-A1C6-6FC3CB74EC8A}.Release|x86.ActiveCfg = Release|Any CPU
		{1B62F3FC-8B82-4051-9F3D-974AD5005F9D}.Debug|Any CPU.ActiveCfg = Debug|Any CPU
		{1B62F3FC-8B82-4051-9F3D-974AD5005F9D}.Debug|Any CPU.Build.0 = Debug|Any CPU
		{1B62F3FC-8B82-4051-9F3D-974AD5005F9D}.Debug|ARM.ActiveCfg = Debug|Any CPU
		{1B62F3FC-8B82-4051-9F3D-974AD5005F9D}.Debug|x64.ActiveCfg = Debug|Any CPU
		{1B62F3FC-8B82-4051-9F3D-974AD5005F9D}.Debug|x86.ActiveCfg = Debug|Any CPU
		{1B62F3FC-8B82-4051-9F3D-974AD5005F9D}.Release|Any CPU.ActiveCfg = Release|Any CPU
		{1B62F3FC-8B82-4051-9F3D-974AD5005F9D}.Release|Any CPU.Build.0 = Release|Any CPU
		{1B62F3FC-8B82-4051-9F3D-974AD5005F9D}.Release|ARM.ActiveCfg = Release|Any CPU
		{1B62F3FC-8B82-4051-9F3D-974AD5005F9D}.Release|x64.ActiveCfg = Release|Any CPU
		{1B62F3FC-8B82-4051-9F3D-974AD5005F9D}.Release|x86.ActiveCfg = Release|Any CPU
		{78EF7AAF-20EA-424F-A45C-DC2CE127E149}.Debug|Any CPU.ActiveCfg = Debug|Any CPU
		{78EF7AAF-20EA-424F-A45C-DC2CE127E149}.Debug|Any CPU.Build.0 = Debug|Any CPU
		{78EF7AAF-20EA-424F-A45C-DC2CE127E149}.Debug|ARM.ActiveCfg = Debug|Any CPU
		{78EF7AAF-20EA-424F-A45C-DC2CE127E149}.Debug|x64.ActiveCfg = Debug|Any CPU
		{78EF7AAF-20EA-424F-A45C-DC2CE127E149}.Debug|x86.ActiveCfg = Debug|Any CPU
		{78EF7AAF-20EA-424F-A45C-DC2CE127E149}.Release|Any CPU.ActiveCfg = Release|Any CPU
		{78EF7AAF-20EA-424F-A45C-DC2CE127E149}.Release|Any CPU.Build.0 = Release|Any CPU
		{78EF7AAF-20EA-424F-A45C-DC2CE127E149}.Release|ARM.ActiveCfg = Release|Any CPU
		{78EF7AAF-20EA-424F-A45C-DC2CE127E149}.Release|x64.ActiveCfg = Release|Any CPU
		{78EF7AAF-20EA-424F-A45C-DC2CE127E149}.Release|x86.ActiveCfg = Release|Any CPU
		{29643E66-47AE-41E5-A0A3-FB7FCAA332E4}.Debug|Any CPU.ActiveCfg = Debug|Any CPU
		{29643E66-47AE-41E5-A0A3-FB7FCAA332E4}.Debug|Any CPU.Build.0 = Debug|Any CPU
		{29643E66-47AE-41E5-A0A3-FB7FCAA332E4}.Debug|ARM.ActiveCfg = Debug|Any CPU
		{29643E66-47AE-41E5-A0A3-FB7FCAA332E4}.Debug|x64.ActiveCfg = Debug|Any CPU
		{29643E66-47AE-41E5-A0A3-FB7FCAA332E4}.Debug|x86.ActiveCfg = Debug|Any CPU
		{29643E66-47AE-41E5-A0A3-FB7FCAA332E4}.Release|Any CPU.ActiveCfg = Release|Any CPU
		{29643E66-47AE-41E5-A0A3-FB7FCAA332E4}.Release|Any CPU.Build.0 = Release|Any CPU
		{29643E66-47AE-41E5-A0A3-FB7FCAA332E4}.Release|ARM.ActiveCfg = Release|Any CPU
		{29643E66-47AE-41E5-A0A3-FB7FCAA332E4}.Release|x64.ActiveCfg = Release|Any CPU
		{29643E66-47AE-41E5-A0A3-FB7FCAA332E4}.Release|x86.ActiveCfg = Release|Any CPU
		{94C45B65-F662-4262-A745-0D023F9C9FF9}.Debug|Any CPU.ActiveCfg = Debug|Any CPU
		{94C45B65-F662-4262-A745-0D023F9C9FF9}.Debug|Any CPU.Build.0 = Debug|Any CPU
		{94C45B65-F662-4262-A745-0D023F9C9FF9}.Debug|ARM.ActiveCfg = Debug|Any CPU
		{94C45B65-F662-4262-A745-0D023F9C9FF9}.Debug|x64.ActiveCfg = Debug|Any CPU
		{94C45B65-F662-4262-A745-0D023F9C9FF9}.Debug|x86.ActiveCfg = Debug|Any CPU
		{94C45B65-F662-4262-A745-0D023F9C9FF9}.Release|Any CPU.ActiveCfg = Release|Any CPU
		{94C45B65-F662-4262-A745-0D023F9C9FF9}.Release|Any CPU.Build.0 = Release|Any CPU
		{94C45B65-F662-4262-A745-0D023F9C9FF9}.Release|ARM.ActiveCfg = Release|Any CPU
		{94C45B65-F662-4262-A745-0D023F9C9FF9}.Release|x64.ActiveCfg = Release|Any CPU
		{94C45B65-F662-4262-A745-0D023F9C9FF9}.Release|x86.ActiveCfg = Release|Any CPU
		{CF2D74B6-E99C-4C39-92F7-E36855C06BD5}.Debug|Any CPU.ActiveCfg = Debug|Any CPU
		{CF2D74B6-E99C-4C39-92F7-E36855C06BD5}.Debug|Any CPU.Build.0 = Debug|Any CPU
		{CF2D74B6-E99C-4C39-92F7-E36855C06BD5}.Debug|ARM.ActiveCfg = Debug|Any CPU
		{CF2D74B6-E99C-4C39-92F7-E36855C06BD5}.Debug|x64.ActiveCfg = Debug|Any CPU
		{CF2D74B6-E99C-4C39-92F7-E36855C06BD5}.Debug|x86.ActiveCfg = Debug|Any CPU
		{CF2D74B6-E99C-4C39-92F7-E36855C06BD5}.Release|Any CPU.ActiveCfg = Release|Any CPU
		{CF2D74B6-E99C-4C39-92F7-E36855C06BD5}.Release|Any CPU.Build.0 = Release|Any CPU
		{CF2D74B6-E99C-4C39-92F7-E36855C06BD5}.Release|ARM.ActiveCfg = Release|Any CPU
		{CF2D74B6-E99C-4C39-92F7-E36855C06BD5}.Release|x64.ActiveCfg = Release|Any CPU
		{CF2D74B6-E99C-4C39-92F7-E36855C06BD5}.Release|x86.ActiveCfg = Release|Any CPU
		{F8450B86-5157-453A-9B2F-CC0A2DD4A1A9}.Debug|Any CPU.ActiveCfg = Debug|Any CPU
		{F8450B86-5157-453A-9B2F-CC0A2DD4A1A9}.Debug|Any CPU.Build.0 = Debug|Any CPU
		{F8450B86-5157-453A-9B2F-CC0A2DD4A1A9}.Debug|ARM.ActiveCfg = Debug|Any CPU
		{F8450B86-5157-453A-9B2F-CC0A2DD4A1A9}.Debug|x64.ActiveCfg = Debug|Any CPU
		{F8450B86-5157-453A-9B2F-CC0A2DD4A1A9}.Debug|x86.ActiveCfg = Debug|Any CPU
		{F8450B86-5157-453A-9B2F-CC0A2DD4A1A9}.Release|Any CPU.ActiveCfg = Release|Any CPU
		{F8450B86-5157-453A-9B2F-CC0A2DD4A1A9}.Release|Any CPU.Build.0 = Release|Any CPU
		{F8450B86-5157-453A-9B2F-CC0A2DD4A1A9}.Release|ARM.ActiveCfg = Release|Any CPU
		{F8450B86-5157-453A-9B2F-CC0A2DD4A1A9}.Release|x64.ActiveCfg = Release|Any CPU
		{F8450B86-5157-453A-9B2F-CC0A2DD4A1A9}.Release|x86.ActiveCfg = Release|Any CPU
		{54AEE92A-2EF9-4184-9395-6F5A9883E50D}.Debug|Any CPU.ActiveCfg = Debug|Any CPU
		{54AEE92A-2EF9-4184-9395-6F5A9883E50D}.Debug|Any CPU.Build.0 = Debug|Any CPU
		{54AEE92A-2EF9-4184-9395-6F5A9883E50D}.Debug|ARM.ActiveCfg = Debug|Any CPU
		{54AEE92A-2EF9-4184-9395-6F5A9883E50D}.Debug|x64.ActiveCfg = Debug|Any CPU
		{54AEE92A-2EF9-4184-9395-6F5A9883E50D}.Debug|x86.ActiveCfg = Debug|Any CPU
		{54AEE92A-2EF9-4184-9395-6F5A9883E50D}.Release|Any CPU.ActiveCfg = Release|Any CPU
		{54AEE92A-2EF9-4184-9395-6F5A9883E50D}.Release|Any CPU.Build.0 = Release|Any CPU
		{54AEE92A-2EF9-4184-9395-6F5A9883E50D}.Release|ARM.ActiveCfg = Release|Any CPU
		{54AEE92A-2EF9-4184-9395-6F5A9883E50D}.Release|x64.ActiveCfg = Release|Any CPU
		{54AEE92A-2EF9-4184-9395-6F5A9883E50D}.Release|x86.ActiveCfg = Release|Any CPU
	EndGlobalSection
	GlobalSection(SolutionProperties) = preSolution
		HideSolutionNode = FALSE
	EndGlobalSection
EndGlobal
