
Microsoft Visual Studio Solution File, Format Version 12.00
# Visual Studio 2013
VisualStudioVersion = 12.0.21005.1
MinimumVisualStudioVersion = 10.0.40219.1
Project("{CC5FD16D-436D-48AD-A40C-5A424C6E3E79}") = "Lunggo", "Lunggo\Lunggo.ccproj", "{F3A0985F-4551-44DA-9C54-3E593F6ADCF2}"
EndProject
Project("{FAE04EC0-301F-11D3-BF4B-00C04F79EFBC}") = "Lunggo.CustomerWeb", "Lunggo.CustomerWeb\Lunggo.CustomerWeb.csproj", "{C6C677D1-BB06-45C7-94DE-C9BB2603907B}"
EndProject
Global
	GlobalSection(SolutionConfigurationPlatforms) = preSolution
		Debug|Any CPU = Debug|Any CPU
		Release|Any CPU = Release|Any CPU
	EndGlobalSection
	GlobalSection(ProjectConfigurationPlatforms) = postSolution
		{F3A0985F-4551-44DA-9C54-3E593F6ADCF2}.Debug|Any CPU.ActiveCfg = Debug|Any CPU
		{F3A0985F-4551-44DA-9C54-3E593F6ADCF2}.Debug|Any CPU.Build.0 = Debug|Any CPU
		{F3A0985F-4551-44DA-9C54-3E593F6ADCF2}.Release|Any CPU.ActiveCfg = Release|Any CPU
		{F3A0985F-4551-44DA-9C54-3E593F6ADCF2}.Release|Any CPU.Build.0 = Release|Any CPU
		{C6C677D1-BB06-45C7-94DE-C9BB2603907B}.Debug|Any CPU.ActiveCfg = Debug|Any CPU
		{C6C677D1-BB06-45C7-94DE-C9BB2603907B}.Debug|Any CPU.Build.0 = Debug|Any CPU
		{C6C677D1-BB06-45C7-94DE-C9BB2603907B}.Release|Any CPU.ActiveCfg = Release|Any CPU
		{C6C677D1-BB06-45C7-94DE-C9BB2603907B}.Release|Any CPU.Build.0 = Release|Any CPU
	EndGlobalSection
	GlobalSection(SolutionProperties) = preSolution
		HideSolutionNode = FALSE
	EndGlobalSection
EndGlobal
