
Microsoft Visual Studio Solution File, Format Version 12.00
# Visual Studio 2013
VisualStudioVersion = 12.0.31101.0
MinimumVisualStudioVersion = 10.0.40219.1
Project("{2150E333-8FDC-42A3-9474-1A3956D46DE8}") = ".nuget", ".nuget", "{69CEAB4B-DEF1-41E6-A599-D9794769FC31}"
	ProjectSection(SolutionItems) = preProject
		.nuget\packages.config = .nuget\packages.config
	EndProjectSection
EndProject
Project("{FAE04EC0-301F-11D3-BF4B-00C04F79EFBC}") = "Lunggo.CustomerWeb", "Lunggo.CustomerWeb\Lunggo.CustomerWeb.csproj", "{C6C677D1-BB06-45C7-94DE-C9BB2603907B}"
	ProjectSection(ProjectDependencies) = postProject
		{9A51106C-BD55-40CC-A1C6-6FC3CB74EC8A} = {9A51106C-BD55-40CC-A1C6-6FC3CB74EC8A}
		{E0624FFE-A4C2-44F5-9F9F-8C71F3B32AED} = {E0624FFE-A4C2-44F5-9F9F-8C71F3B32AED}
	EndProjectSection
EndProject
Project("{FAE04EC0-301F-11D3-BF4B-00C04F79EFBC}") = "Lunggo.Framework", "Lunggo.Framework\Lunggo.Framework.csproj", "{E0624FFE-A4C2-44F5-9F9F-8C71F3B32AED}"
EndProject
Project("{FAE04EC0-301F-11D3-BF4B-00C04F79EFBC}") = "Lunggo.Repository", "Lunggo.Repo\Lunggo.Repository.csproj", "{50B8C0C0-6B28-46FD-BA90-771D8C9F12A1}"
EndProject
Project("{FAE04EC0-301F-11D3-BF4B-00C04F79EFBC}") = "Lunggo.Configuration", "Lunggo.Configuration\Lunggo.Configuration.csproj", "{AD5D590D-9C0F-41BA-9133-D3866C0FD0BB}"
EndProject
Project("{FAE04EC0-301F-11D3-BF4B-00C04F79EFBC}") = "Lunggo.Generator", "Lunggo.Generator\Lunggo.Generator.csproj", "{0D1AAD8E-16D5-4B52-9CB3-AB6E91537510}"
EndProject
Project("{FAE04EC0-301F-11D3-BF4B-00C04F79EFBC}") = "Lunggo.Hotel", "Lunggo.Hotel\Lunggo.Hotel.csproj", "{9F226318-0164-4D44-8B2D-4139CACA98D2}"
EndProject
Project("{FAE04EC0-301F-11D3-BF4B-00C04F79EFBC}") = "Lunggo.ApCommon", "Lunggo.ApCommon\Lunggo.ApCommon.csproj", "{9A51106C-BD55-40CC-A1C6-6FC3CB74EC8A}"
	ProjectSection(ProjectDependencies) = postProject
		{E0624FFE-A4C2-44F5-9F9F-8C71F3B32AED} = {E0624FFE-A4C2-44F5-9F9F-8C71F3B32AED}
	EndProjectSection
EndProject
Project("{2150E333-8FDC-42A3-9474-1A3956D46DE8}") = ".nuget (2)", ".nuget (2)", "{02050831-C9DA-40B1-8429-25D0859248E7}"
EndProject
Project("{FAE04EC0-301F-11D3-BF4B-00C04F79EFBC}") = "Lunggo.BackendWeb", "Lunggo.BackendWeb\Lunggo.BackendWeb.csproj", "{78EF7AAF-20EA-424F-A45C-DC2CE127E149}"
EndProject
Project("{FAE04EC0-301F-11D3-BF4B-00C04F79EFBC}") = "Lunggo.WebAPI", "Lunggo.WebAPI\Lunggo.WebAPI.csproj", "{94C45B65-F662-4262-A745-0D023F9C9FF9}"
EndProject
Project("{FAE04EC0-301F-11D3-BF4B-00C04F79EFBC}") = "Lunggo.WebJob.EmailQueueHandler", "Lunggo.WebJob.EmailQueueHandler\Lunggo.WebJob.EmailQueueHandler.csproj", "{F8450B86-5157-453A-9B2F-CC0A2DD4A1A9}"
EndProject
Project("{CC5FD16D-436D-48AD-A40C-5A424C6E3E79}") = "Lunggo.CloudApp", "Lunggo.CloudApp\Lunggo.CloudApp.ccproj", "{A1168B1D-A5FC-4811-B5F7-376661D31DA0}"
EndProject
Project("{FAE04EC0-301F-11D3-BF4B-00C04F79EFBC}") = "Lunggo.CloudApp.EticketHandler", "Lunggo.CloudApp.EticketHandler\Lunggo.CloudApp.EticketHandler.csproj", "{AA59568E-B29D-4390-9D0E-8CE850F7DCCE}"
EndProject
Project("{FAE04EC0-301F-11D3-BF4B-00C04F79EFBC}") = "Lunggo.WebJob.FlightProcessor", "Lunggo.WebJob.FlightProcessor\Lunggo.WebJob.FlightProcessor.csproj", "{A2FAA700-930E-43D3-A7C2-866C640CF396}"
EndProject
Project("{FAE04EC0-301F-11D3-BF4B-00C04F79EFBC}") = "Lunggo.WebJob", "Lunggo.WebJob\Lunggo.WebJob.csproj", "{304B9323-5306-4569-B047-62DB267B0224}"
EndProject
Project("{FAE04EC0-301F-11D3-BF4B-00C04F79EFBC}") = "Lunggo.WebJob-FlightSearch.FlightCrawler1", "Lunggo.WebJob-FlightSearch.FlightCrawler1\Lunggo.WebJob-FlightSearch.FlightCrawler1.csproj", "{8FC46024-D4D4-440A-A133-698538828B38}"
EndProject
Project("{FAE04EC0-301F-11D3-BF4B-00C04F79EFBC}") = "Lunggo.WebJob-FlightSearch.FlightCrawler2", "Lunggo.WebJob-FlightSearch.FlightCrawler2\Lunggo.WebJob-FlightSearch.FlightCrawler2.csproj", "{DD4FAF9C-CAE2-45CB-9AEA-AE1D112CF165}"
EndProject
Project("{FAE04EC0-301F-11D3-BF4B-00C04F79EFBC}") = "Lunggo.WebJob-FlightSearch.FlightCrawler3", "Lunggo.WebJob-FlightSearch.FlightCrawler3\Lunggo.WebJob-FlightSearch.FlightCrawler3.csproj", "{34F7E2E7-6F45-40CA-942F-7787F328243F}"
EndProject
Project("{FAE04EC0-301F-11D3-BF4B-00C04F79EFBC}") = "Lunggo.WebJob-FlightSearch.FlightCrawler4", "Lunggo.WebJob-FlightSearch.FlightCrawler4\Lunggo.WebJob-FlightSearch.FlightCrawler4.csproj", "{B077F772-60CD-4B7D-8825-836662B9A838}"
EndProject
Project("{FAE04EC0-301F-11D3-BF4B-00C04F79EFBC}") = "Lunggo.WebJob-FlightSearch", "Lunggo.WebJob-FlightSearch\Lunggo.WebJob-FlightSearch.csproj", "{839C8598-4F07-4FA2-94CE-E61739A17700}"
EndProject
Project("{FAE04EC0-301F-11D3-BF4B-00C04F79EFBC}") = "Lunggo.WebJob-FlightSearch.FlightCrawler5", "Lunggo.WebJob-FlightSearch.FlightCrawler5\Lunggo.WebJob-FlightSearch.FlightCrawler5.csproj", "{D6403A11-7BB3-4F58-97FE-2D67043C120C}"
EndProject
Project("{FAE04EC0-301F-11D3-BF4B-00C04F79EFBC}") = "Lunggo.CloudApp.CaptchaReader", "Lunggo.CloudApp.CaptchaReader\Lunggo.CloudApp.CaptchaReader.csproj", "{C1EFFC7E-A4A5-42FF-8372-EF9BDD692F29}"
EndProject
Project("{FAE04EC0-301F-11D3-BF4B-00C04F79EFBC}") = "Lunggo.WebJob.BankTransferChecking", "Lunggo.Webjob.BankTransferChecking\Lunggo.WebJob.BankTransferChecking.csproj", "{5EB9A4DE-BC0A-45F6-B86F-E39DAF2629EB}"
EndProject
Project("{FAE04EC0-301F-11D3-BF4B-00C04F79EFBC}") = "Lunggo.WebJob-FlightSearch.FlightCrawler6", "Lunggo.WebJob-FlightSearch.FlightCrawler6\Lunggo.WebJob-FlightSearch.FlightCrawler6.csproj", "{8D4AE916-6073-4E8F-A3C2-B4E509E38011}"
EndProject
Project("{FAE04EC0-301F-11D3-BF4B-00C04F79EFBC}") = "Lunggo.WebJob.MystiflyQueueHandler", "Lunggo.Webjob.MystiflyQueueHandler\Lunggo.WebJob.MystiflyQueueHandler.csproj", "{CF2D74B6-E99C-4C39-92F7-E36855C06BD5}"
EndProject
Project("{FAE04EC0-301F-11D3-BF4B-00C04F79EFBC}") = "Lunggo.Webjob.CurrencyCrawler", "Lunggo.Webjob.CurrencyCrawler\Lunggo.Webjob.CurrencyCrawler.csproj", "{7BADCBBD-77F0-45B2-9F3E-F384999A277F}"
EndProject
Global
	GlobalSection(SolutionConfigurationPlatforms) = preSolution
		Debug|Any CPU = Debug|Any CPU
		Debug|ARM = Debug|ARM
		Debug|x64 = Debug|x64
		Debug|x86 = Debug|x86
		Release|Any CPU = Release|Any CPU
		Release|ARM = Release|ARM
		Release|x64 = Release|x64
		Release|x86 = Release|x86
	EndGlobalSection
	GlobalSection(ProjectConfigurationPlatforms) = postSolution
		{C6C677D1-BB06-45C7-94DE-C9BB2603907B}.Debug|Any CPU.ActiveCfg = Debug|Any CPU
		{C6C677D1-BB06-45C7-94DE-C9BB2603907B}.Debug|Any CPU.Build.0 = Debug|Any CPU
		{C6C677D1-BB06-45C7-94DE-C9BB2603907B}.Debug|ARM.ActiveCfg = Debug|Any CPU
		{C6C677D1-BB06-45C7-94DE-C9BB2603907B}.Debug|x64.ActiveCfg = Debug|Any CPU
		{C6C677D1-BB06-45C7-94DE-C9BB2603907B}.Debug|x86.ActiveCfg = Debug|Any CPU
		{C6C677D1-BB06-45C7-94DE-C9BB2603907B}.Release|Any CPU.ActiveCfg = Release|Any CPU
		{C6C677D1-BB06-45C7-94DE-C9BB2603907B}.Release|Any CPU.Build.0 = Release|Any CPU
		{C6C677D1-BB06-45C7-94DE-C9BB2603907B}.Release|ARM.ActiveCfg = Release|Any CPU
		{C6C677D1-BB06-45C7-94DE-C9BB2603907B}.Release|x64.ActiveCfg = Release|Any CPU
		{C6C677D1-BB06-45C7-94DE-C9BB2603907B}.Release|x86.ActiveCfg = Release|Any CPU
		{E0624FFE-A4C2-44F5-9F9F-8C71F3B32AED}.Debug|Any CPU.ActiveCfg = Debug|Any CPU
		{E0624FFE-A4C2-44F5-9F9F-8C71F3B32AED}.Debug|Any CPU.Build.0 = Debug|Any CPU
		{E0624FFE-A4C2-44F5-9F9F-8C71F3B32AED}.Debug|ARM.ActiveCfg = Debug|Any CPU
		{E0624FFE-A4C2-44F5-9F9F-8C71F3B32AED}.Debug|x64.ActiveCfg = Debug|Any CPU
		{E0624FFE-A4C2-44F5-9F9F-8C71F3B32AED}.Debug|x86.ActiveCfg = Debug|Any CPU
		{E0624FFE-A4C2-44F5-9F9F-8C71F3B32AED}.Release|Any CPU.ActiveCfg = Debug|Any CPU
		{E0624FFE-A4C2-44F5-9F9F-8C71F3B32AED}.Release|Any CPU.Build.0 = Debug|Any CPU
		{E0624FFE-A4C2-44F5-9F9F-8C71F3B32AED}.Release|ARM.ActiveCfg = Release|Any CPU
		{E0624FFE-A4C2-44F5-9F9F-8C71F3B32AED}.Release|x64.ActiveCfg = Release|Any CPU
		{E0624FFE-A4C2-44F5-9F9F-8C71F3B32AED}.Release|x86.ActiveCfg = Release|Any CPU
		{50B8C0C0-6B28-46FD-BA90-771D8C9F12A1}.Debug|Any CPU.ActiveCfg = Debug|Any CPU
		{50B8C0C0-6B28-46FD-BA90-771D8C9F12A1}.Debug|Any CPU.Build.0 = Debug|Any CPU
		{50B8C0C0-6B28-46FD-BA90-771D8C9F12A1}.Debug|ARM.ActiveCfg = Debug|Any CPU
		{50B8C0C0-6B28-46FD-BA90-771D8C9F12A1}.Debug|x64.ActiveCfg = Debug|Any CPU
		{50B8C0C0-6B28-46FD-BA90-771D8C9F12A1}.Debug|x86.ActiveCfg = Debug|Any CPU
		{50B8C0C0-6B28-46FD-BA90-771D8C9F12A1}.Release|Any CPU.ActiveCfg = Release|Any CPU
		{50B8C0C0-6B28-46FD-BA90-771D8C9F12A1}.Release|Any CPU.Build.0 = Release|Any CPU
		{50B8C0C0-6B28-46FD-BA90-771D8C9F12A1}.Release|ARM.ActiveCfg = Release|Any CPU
		{50B8C0C0-6B28-46FD-BA90-771D8C9F12A1}.Release|x64.ActiveCfg = Release|Any CPU
		{50B8C0C0-6B28-46FD-BA90-771D8C9F12A1}.Release|x86.ActiveCfg = Release|Any CPU
		{AD5D590D-9C0F-41BA-9133-D3866C0FD0BB}.Debug|Any CPU.ActiveCfg = Debug|Any CPU
		{AD5D590D-9C0F-41BA-9133-D3866C0FD0BB}.Debug|Any CPU.Build.0 = Debug|Any CPU
		{AD5D590D-9C0F-41BA-9133-D3866C0FD0BB}.Debug|ARM.ActiveCfg = Debug|Any CPU
		{AD5D590D-9C0F-41BA-9133-D3866C0FD0BB}.Debug|x64.ActiveCfg = Debug|Any CPU
		{AD5D590D-9C0F-41BA-9133-D3866C0FD0BB}.Debug|x86.ActiveCfg = Debug|Any CPU
		{AD5D590D-9C0F-41BA-9133-D3866C0FD0BB}.Release|Any CPU.ActiveCfg = Debug|Any CPU
		{AD5D590D-9C0F-41BA-9133-D3866C0FD0BB}.Release|Any CPU.Build.0 = Debug|Any CPU
		{AD5D590D-9C0F-41BA-9133-D3866C0FD0BB}.Release|ARM.ActiveCfg = Release|Any CPU
		{AD5D590D-9C0F-41BA-9133-D3866C0FD0BB}.Release|x64.ActiveCfg = Release|Any CPU
		{AD5D590D-9C0F-41BA-9133-D3866C0FD0BB}.Release|x86.ActiveCfg = Release|Any CPU
		{0D1AAD8E-16D5-4B52-9CB3-AB6E91537510}.Debug|Any CPU.ActiveCfg = Debug|Any CPU
		{0D1AAD8E-16D5-4B52-9CB3-AB6E91537510}.Debug|Any CPU.Build.0 = Debug|Any CPU
		{0D1AAD8E-16D5-4B52-9CB3-AB6E91537510}.Debug|ARM.ActiveCfg = Debug|Any CPU
		{0D1AAD8E-16D5-4B52-9CB3-AB6E91537510}.Debug|x64.ActiveCfg = Debug|Any CPU
		{0D1AAD8E-16D5-4B52-9CB3-AB6E91537510}.Debug|x86.ActiveCfg = Debug|Any CPU
		{0D1AAD8E-16D5-4B52-9CB3-AB6E91537510}.Release|Any CPU.ActiveCfg = Release|Any CPU
		{0D1AAD8E-16D5-4B52-9CB3-AB6E91537510}.Release|Any CPU.Build.0 = Release|Any CPU
		{0D1AAD8E-16D5-4B52-9CB3-AB6E91537510}.Release|ARM.ActiveCfg = Release|Any CPU
		{0D1AAD8E-16D5-4B52-9CB3-AB6E91537510}.Release|x64.ActiveCfg = Release|Any CPU
		{0D1AAD8E-16D5-4B52-9CB3-AB6E91537510}.Release|x86.ActiveCfg = Release|Any CPU
		{9F226318-0164-4D44-8B2D-4139CACA98D2}.Debug|Any CPU.ActiveCfg = Debug|Any CPU
		{9F226318-0164-4D44-8B2D-4139CACA98D2}.Debug|Any CPU.Build.0 = Debug|Any CPU
		{9F226318-0164-4D44-8B2D-4139CACA98D2}.Debug|ARM.ActiveCfg = Debug|Any CPU
		{9F226318-0164-4D44-8B2D-4139CACA98D2}.Debug|x64.ActiveCfg = Debug|Any CPU
		{9F226318-0164-4D44-8B2D-4139CACA98D2}.Debug|x86.ActiveCfg = Debug|Any CPU
		{9F226318-0164-4D44-8B2D-4139CACA98D2}.Release|Any CPU.ActiveCfg = Release|Any CPU
		{9F226318-0164-4D44-8B2D-4139CACA98D2}.Release|Any CPU.Build.0 = Release|Any CPU
		{9F226318-0164-4D44-8B2D-4139CACA98D2}.Release|ARM.ActiveCfg = Release|Any CPU
		{9F226318-0164-4D44-8B2D-4139CACA98D2}.Release|x64.ActiveCfg = Release|Any CPU
		{9F226318-0164-4D44-8B2D-4139CACA98D2}.Release|x86.ActiveCfg = Release|Any CPU
		{9A51106C-BD55-40CC-A1C6-6FC3CB74EC8A}.Debug|Any CPU.ActiveCfg = Debug|Any CPU
		{9A51106C-BD55-40CC-A1C6-6FC3CB74EC8A}.Debug|Any CPU.Build.0 = Debug|Any CPU
		{9A51106C-BD55-40CC-A1C6-6FC3CB74EC8A}.Debug|ARM.ActiveCfg = Debug|Any CPU
		{9A51106C-BD55-40CC-A1C6-6FC3CB74EC8A}.Debug|x64.ActiveCfg = Debug|Any CPU
		{9A51106C-BD55-40CC-A1C6-6FC3CB74EC8A}.Debug|x86.ActiveCfg = Debug|Any CPU
		{9A51106C-BD55-40CC-A1C6-6FC3CB74EC8A}.Release|Any CPU.ActiveCfg = Release|Any CPU
		{9A51106C-BD55-40CC-A1C6-6FC3CB74EC8A}.Release|Any CPU.Build.0 = Release|Any CPU
		{9A51106C-BD55-40CC-A1C6-6FC3CB74EC8A}.Release|ARM.ActiveCfg = Release|Any CPU
		{9A51106C-BD55-40CC-A1C6-6FC3CB74EC8A}.Release|x64.ActiveCfg = Release|Any CPU
		{9A51106C-BD55-40CC-A1C6-6FC3CB74EC8A}.Release|x86.ActiveCfg = Release|Any CPU
		{78EF7AAF-20EA-424F-A45C-DC2CE127E149}.Debug|Any CPU.ActiveCfg = Debug|Any CPU
		{78EF7AAF-20EA-424F-A45C-DC2CE127E149}.Debug|Any CPU.Build.0 = Debug|Any CPU
		{78EF7AAF-20EA-424F-A45C-DC2CE127E149}.Debug|ARM.ActiveCfg = Debug|Any CPU
		{78EF7AAF-20EA-424F-A45C-DC2CE127E149}.Debug|x64.ActiveCfg = Debug|Any CPU
		{78EF7AAF-20EA-424F-A45C-DC2CE127E149}.Debug|x86.ActiveCfg = Debug|Any CPU
		{78EF7AAF-20EA-424F-A45C-DC2CE127E149}.Release|Any CPU.ActiveCfg = Release|Any CPU
		{78EF7AAF-20EA-424F-A45C-DC2CE127E149}.Release|Any CPU.Build.0 = Release|Any CPU
		{78EF7AAF-20EA-424F-A45C-DC2CE127E149}.Release|ARM.ActiveCfg = Release|Any CPU
		{78EF7AAF-20EA-424F-A45C-DC2CE127E149}.Release|x64.ActiveCfg = Release|Any CPU
		{78EF7AAF-20EA-424F-A45C-DC2CE127E149}.Release|x86.ActiveCfg = Release|Any CPU
		{94C45B65-F662-4262-A745-0D023F9C9FF9}.Debug|Any CPU.ActiveCfg = Debug|Any CPU
		{94C45B65-F662-4262-A745-0D023F9C9FF9}.Debug|Any CPU.Build.0 = Debug|Any CPU
		{94C45B65-F662-4262-A745-0D023F9C9FF9}.Debug|ARM.ActiveCfg = Debug|Any CPU
		{94C45B65-F662-4262-A745-0D023F9C9FF9}.Debug|x64.ActiveCfg = Debug|Any CPU
		{94C45B65-F662-4262-A745-0D023F9C9FF9}.Debug|x86.ActiveCfg = Debug|Any CPU
		{94C45B65-F662-4262-A745-0D023F9C9FF9}.Release|Any CPU.ActiveCfg = Debug|Any CPU
		{94C45B65-F662-4262-A745-0D023F9C9FF9}.Release|Any CPU.Build.0 = Debug|Any CPU
		{94C45B65-F662-4262-A745-0D023F9C9FF9}.Release|Any CPU.Deploy.0 = Debug|Any CPU
		{94C45B65-F662-4262-A745-0D023F9C9FF9}.Release|ARM.ActiveCfg = Release|Any CPU
		{94C45B65-F662-4262-A745-0D023F9C9FF9}.Release|x64.ActiveCfg = Release|Any CPU
		{94C45B65-F662-4262-A745-0D023F9C9FF9}.Release|x86.ActiveCfg = Release|Any CPU
		{F8450B86-5157-453A-9B2F-CC0A2DD4A1A9}.Debug|Any CPU.ActiveCfg = Debug|Any CPU
		{F8450B86-5157-453A-9B2F-CC0A2DD4A1A9}.Debug|Any CPU.Build.0 = Debug|Any CPU
		{F8450B86-5157-453A-9B2F-CC0A2DD4A1A9}.Debug|ARM.ActiveCfg = Debug|Any CPU
		{F8450B86-5157-453A-9B2F-CC0A2DD4A1A9}.Debug|x64.ActiveCfg = Debug|Any CPU
		{F8450B86-5157-453A-9B2F-CC0A2DD4A1A9}.Debug|x86.ActiveCfg = Debug|Any CPU
		{F8450B86-5157-453A-9B2F-CC0A2DD4A1A9}.Release|Any CPU.ActiveCfg = Release|Any CPU
		{F8450B86-5157-453A-9B2F-CC0A2DD4A1A9}.Release|Any CPU.Build.0 = Release|Any CPU
		{F8450B86-5157-453A-9B2F-CC0A2DD4A1A9}.Release|ARM.ActiveCfg = Release|Any CPU
		{F8450B86-5157-453A-9B2F-CC0A2DD4A1A9}.Release|x64.ActiveCfg = Release|Any CPU
		{F8450B86-5157-453A-9B2F-CC0A2DD4A1A9}.Release|x86.ActiveCfg = Release|Any CPU
		{A1168B1D-A5FC-4811-B5F7-376661D31DA0}.Debug|Any CPU.ActiveCfg = Debug|Any CPU
		{A1168B1D-A5FC-4811-B5F7-376661D31DA0}.Debug|Any CPU.Build.0 = Debug|Any CPU
		{A1168B1D-A5FC-4811-B5F7-376661D31DA0}.Debug|ARM.ActiveCfg = Debug|Any CPU
		{A1168B1D-A5FC-4811-B5F7-376661D31DA0}.Debug|x64.ActiveCfg = Debug|Any CPU
		{A1168B1D-A5FC-4811-B5F7-376661D31DA0}.Debug|x86.ActiveCfg = Debug|Any CPU
		{A1168B1D-A5FC-4811-B5F7-376661D31DA0}.Release|Any CPU.ActiveCfg = Release|Any CPU
		{A1168B1D-A5FC-4811-B5F7-376661D31DA0}.Release|Any CPU.Build.0 = Release|Any CPU
		{A1168B1D-A5FC-4811-B5F7-376661D31DA0}.Release|ARM.ActiveCfg = Release|Any CPU
		{A1168B1D-A5FC-4811-B5F7-376661D31DA0}.Release|x64.ActiveCfg = Release|Any CPU
		{A1168B1D-A5FC-4811-B5F7-376661D31DA0}.Release|x86.ActiveCfg = Release|Any CPU
		{AA59568E-B29D-4390-9D0E-8CE850F7DCCE}.Debug|Any CPU.ActiveCfg = Debug|Any CPU
		{AA59568E-B29D-4390-9D0E-8CE850F7DCCE}.Debug|Any CPU.Build.0 = Debug|Any CPU
		{AA59568E-B29D-4390-9D0E-8CE850F7DCCE}.Debug|ARM.ActiveCfg = Debug|Any CPU
		{AA59568E-B29D-4390-9D0E-8CE850F7DCCE}.Debug|x64.ActiveCfg = Debug|Any CPU
		{AA59568E-B29D-4390-9D0E-8CE850F7DCCE}.Debug|x86.ActiveCfg = Debug|Any CPU
		{AA59568E-B29D-4390-9D0E-8CE850F7DCCE}.Release|Any CPU.ActiveCfg = Release|Any CPU
		{AA59568E-B29D-4390-9D0E-8CE850F7DCCE}.Release|Any CPU.Build.0 = Release|Any CPU
		{AA59568E-B29D-4390-9D0E-8CE850F7DCCE}.Release|ARM.ActiveCfg = Release|Any CPU
		{AA59568E-B29D-4390-9D0E-8CE850F7DCCE}.Release|x64.ActiveCfg = Release|Any CPU
		{AA59568E-B29D-4390-9D0E-8CE850F7DCCE}.Release|x86.ActiveCfg = Release|Any CPU
		{A2FAA700-930E-43D3-A7C2-866C640CF396}.Debug|Any CPU.ActiveCfg = Debug|Any CPU
		{A2FAA700-930E-43D3-A7C2-866C640CF396}.Debug|Any CPU.Build.0 = Debug|Any CPU
		{A2FAA700-930E-43D3-A7C2-866C640CF396}.Debug|ARM.ActiveCfg = Debug|Any CPU
		{A2FAA700-930E-43D3-A7C2-866C640CF396}.Debug|x64.ActiveCfg = Debug|Any CPU
		{A2FAA700-930E-43D3-A7C2-866C640CF396}.Debug|x86.ActiveCfg = Debug|Any CPU
		{A2FAA700-930E-43D3-A7C2-866C640CF396}.Release|Any CPU.ActiveCfg = Release|Any CPU
		{A2FAA700-930E-43D3-A7C2-866C640CF396}.Release|Any CPU.Build.0 = Release|Any CPU
		{A2FAA700-930E-43D3-A7C2-866C640CF396}.Release|ARM.ActiveCfg = Release|Any CPU
		{A2FAA700-930E-43D3-A7C2-866C640CF396}.Release|x64.ActiveCfg = Release|Any CPU
		{A2FAA700-930E-43D3-A7C2-866C640CF396}.Release|x86.ActiveCfg = Release|Any CPU
		{304B9323-5306-4569-B047-62DB267B0224}.Debug|Any CPU.ActiveCfg = Debug|Any CPU
		{304B9323-5306-4569-B047-62DB267B0224}.Debug|Any CPU.Build.0 = Debug|Any CPU
		{304B9323-5306-4569-B047-62DB267B0224}.Debug|ARM.ActiveCfg = Debug|Any CPU
		{304B9323-5306-4569-B047-62DB267B0224}.Debug|x64.ActiveCfg = Debug|Any CPU
		{304B9323-5306-4569-B047-62DB267B0224}.Debug|x86.ActiveCfg = Debug|Any CPU
		{304B9323-5306-4569-B047-62DB267B0224}.Release|Any CPU.ActiveCfg = Release|Any CPU
		{304B9323-5306-4569-B047-62DB267B0224}.Release|Any CPU.Build.0 = Release|Any CPU
		{304B9323-5306-4569-B047-62DB267B0224}.Release|ARM.ActiveCfg = Release|Any CPU
		{304B9323-5306-4569-B047-62DB267B0224}.Release|x64.ActiveCfg = Release|Any CPU
		{304B9323-5306-4569-B047-62DB267B0224}.Release|x86.ActiveCfg = Release|Any CPU
		{8FC46024-D4D4-440A-A133-698538828B38}.Debug|Any CPU.ActiveCfg = Debug|Any CPU
		{8FC46024-D4D4-440A-A133-698538828B38}.Debug|Any CPU.Build.0 = Debug|Any CPU
		{8FC46024-D4D4-440A-A133-698538828B38}.Debug|ARM.ActiveCfg = Debug|Any CPU
		{8FC46024-D4D4-440A-A133-698538828B38}.Debug|x64.ActiveCfg = Debug|Any CPU
		{8FC46024-D4D4-440A-A133-698538828B38}.Debug|x86.ActiveCfg = Debug|Any CPU
		{8FC46024-D4D4-440A-A133-698538828B38}.Release|Any CPU.ActiveCfg = Release|Any CPU
		{8FC46024-D4D4-440A-A133-698538828B38}.Release|Any CPU.Build.0 = Release|Any CPU
		{8FC46024-D4D4-440A-A133-698538828B38}.Release|ARM.ActiveCfg = Release|Any CPU
		{8FC46024-D4D4-440A-A133-698538828B38}.Release|x64.ActiveCfg = Release|Any CPU
		{8FC46024-D4D4-440A-A133-698538828B38}.Release|x86.ActiveCfg = Release|Any CPU
		{DD4FAF9C-CAE2-45CB-9AEA-AE1D112CF165}.Debug|Any CPU.ActiveCfg = Debug|Any CPU
		{DD4FAF9C-CAE2-45CB-9AEA-AE1D112CF165}.Debug|Any CPU.Build.0 = Debug|Any CPU
		{DD4FAF9C-CAE2-45CB-9AEA-AE1D112CF165}.Debug|ARM.ActiveCfg = Debug|Any CPU
		{DD4FAF9C-CAE2-45CB-9AEA-AE1D112CF165}.Debug|x64.ActiveCfg = Debug|Any CPU
		{DD4FAF9C-CAE2-45CB-9AEA-AE1D112CF165}.Debug|x86.ActiveCfg = Debug|Any CPU
		{DD4FAF9C-CAE2-45CB-9AEA-AE1D112CF165}.Release|Any CPU.ActiveCfg = Release|Any CPU
		{DD4FAF9C-CAE2-45CB-9AEA-AE1D112CF165}.Release|Any CPU.Build.0 = Release|Any CPU
		{DD4FAF9C-CAE2-45CB-9AEA-AE1D112CF165}.Release|ARM.ActiveCfg = Release|Any CPU
		{DD4FAF9C-CAE2-45CB-9AEA-AE1D112CF165}.Release|x64.ActiveCfg = Release|Any CPU
		{DD4FAF9C-CAE2-45CB-9AEA-AE1D112CF165}.Release|x86.ActiveCfg = Release|Any CPU
		{34F7E2E7-6F45-40CA-942F-7787F328243F}.Debug|Any CPU.ActiveCfg = Debug|Any CPU
		{34F7E2E7-6F45-40CA-942F-7787F328243F}.Debug|Any CPU.Build.0 = Debug|Any CPU
		{34F7E2E7-6F45-40CA-942F-7787F328243F}.Debug|ARM.ActiveCfg = Debug|Any CPU
		{34F7E2E7-6F45-40CA-942F-7787F328243F}.Debug|x64.ActiveCfg = Debug|Any CPU
		{34F7E2E7-6F45-40CA-942F-7787F328243F}.Debug|x86.ActiveCfg = Debug|Any CPU
		{34F7E2E7-6F45-40CA-942F-7787F328243F}.Release|Any CPU.ActiveCfg = Release|Any CPU
		{34F7E2E7-6F45-40CA-942F-7787F328243F}.Release|Any CPU.Build.0 = Release|Any CPU
		{34F7E2E7-6F45-40CA-942F-7787F328243F}.Release|ARM.ActiveCfg = Release|Any CPU
		{34F7E2E7-6F45-40CA-942F-7787F328243F}.Release|x64.ActiveCfg = Release|Any CPU
		{34F7E2E7-6F45-40CA-942F-7787F328243F}.Release|x86.ActiveCfg = Release|Any CPU
		{B077F772-60CD-4B7D-8825-836662B9A838}.Debug|Any CPU.ActiveCfg = Debug|Any CPU
		{B077F772-60CD-4B7D-8825-836662B9A838}.Debug|Any CPU.Build.0 = Debug|Any CPU
		{B077F772-60CD-4B7D-8825-836662B9A838}.Debug|ARM.ActiveCfg = Debug|Any CPU
		{B077F772-60CD-4B7D-8825-836662B9A838}.Debug|x64.ActiveCfg = Debug|Any CPU
		{B077F772-60CD-4B7D-8825-836662B9A838}.Debug|x86.ActiveCfg = Debug|Any CPU
		{B077F772-60CD-4B7D-8825-836662B9A838}.Release|Any CPU.ActiveCfg = Release|Any CPU
		{B077F772-60CD-4B7D-8825-836662B9A838}.Release|Any CPU.Build.0 = Release|Any CPU
		{B077F772-60CD-4B7D-8825-836662B9A838}.Release|ARM.ActiveCfg = Release|Any CPU
		{B077F772-60CD-4B7D-8825-836662B9A838}.Release|x64.ActiveCfg = Release|Any CPU
		{B077F772-60CD-4B7D-8825-836662B9A838}.Release|x86.ActiveCfg = Release|Any CPU
		{839C8598-4F07-4FA2-94CE-E61739A17700}.Debug|Any CPU.ActiveCfg = Debug|Any CPU
		{839C8598-4F07-4FA2-94CE-E61739A17700}.Debug|Any CPU.Build.0 = Debug|Any CPU
		{839C8598-4F07-4FA2-94CE-E61739A17700}.Debug|ARM.ActiveCfg = Debug|Any CPU
		{839C8598-4F07-4FA2-94CE-E61739A17700}.Debug|x64.ActiveCfg = Debug|Any CPU
		{839C8598-4F07-4FA2-94CE-E61739A17700}.Debug|x86.ActiveCfg = Debug|Any CPU
		{839C8598-4F07-4FA2-94CE-E61739A17700}.Release|Any CPU.ActiveCfg = Release|Any CPU
		{839C8598-4F07-4FA2-94CE-E61739A17700}.Release|Any CPU.Build.0 = Release|Any CPU
		{839C8598-4F07-4FA2-94CE-E61739A17700}.Release|ARM.ActiveCfg = Release|Any CPU
		{839C8598-4F07-4FA2-94CE-E61739A17700}.Release|x64.ActiveCfg = Release|Any CPU
		{839C8598-4F07-4FA2-94CE-E61739A17700}.Release|x86.ActiveCfg = Release|Any CPU
		{D6403A11-7BB3-4F58-97FE-2D67043C120C}.Debug|Any CPU.ActiveCfg = Debug|Any CPU
		{D6403A11-7BB3-4F58-97FE-2D67043C120C}.Debug|Any CPU.Build.0 = Debug|Any CPU
		{D6403A11-7BB3-4F58-97FE-2D67043C120C}.Debug|ARM.ActiveCfg = Debug|Any CPU
		{D6403A11-7BB3-4F58-97FE-2D67043C120C}.Debug|x64.ActiveCfg = Debug|Any CPU
		{D6403A11-7BB3-4F58-97FE-2D67043C120C}.Debug|x86.ActiveCfg = Debug|Any CPU
		{D6403A11-7BB3-4F58-97FE-2D67043C120C}.Release|Any CPU.ActiveCfg = Release|Any CPU
		{D6403A11-7BB3-4F58-97FE-2D67043C120C}.Release|Any CPU.Build.0 = Release|Any CPU
		{D6403A11-7BB3-4F58-97FE-2D67043C120C}.Release|ARM.ActiveCfg = Release|Any CPU
		{D6403A11-7BB3-4F58-97FE-2D67043C120C}.Release|x64.ActiveCfg = Release|Any CPU
		{D6403A11-7BB3-4F58-97FE-2D67043C120C}.Release|x86.ActiveCfg = Release|Any CPU
		{C1EFFC7E-A4A5-42FF-8372-EF9BDD692F29}.Debug|Any CPU.ActiveCfg = Debug|Any CPU
		{C1EFFC7E-A4A5-42FF-8372-EF9BDD692F29}.Debug|Any CPU.Build.0 = Debug|Any CPU
		{C1EFFC7E-A4A5-42FF-8372-EF9BDD692F29}.Debug|ARM.ActiveCfg = Debug|Any CPU
		{C1EFFC7E-A4A5-42FF-8372-EF9BDD692F29}.Debug|x64.ActiveCfg = Debug|Any CPU
		{C1EFFC7E-A4A5-42FF-8372-EF9BDD692F29}.Debug|x86.ActiveCfg = Debug|Any CPU
		{C1EFFC7E-A4A5-42FF-8372-EF9BDD692F29}.Release|Any CPU.ActiveCfg = Release|Any CPU
		{C1EFFC7E-A4A5-42FF-8372-EF9BDD692F29}.Release|Any CPU.Build.0 = Release|Any CPU
		{C1EFFC7E-A4A5-42FF-8372-EF9BDD692F29}.Release|ARM.ActiveCfg = Release|Any CPU
		{C1EFFC7E-A4A5-42FF-8372-EF9BDD692F29}.Release|x64.ActiveCfg = Release|Any CPU
		{C1EFFC7E-A4A5-42FF-8372-EF9BDD692F29}.Release|x86.ActiveCfg = Release|Any CPU
		{5EB9A4DE-BC0A-45F6-B86F-E39DAF2629EB}.Debug|Any CPU.ActiveCfg = Debug|Any CPU
		{5EB9A4DE-BC0A-45F6-B86F-E39DAF2629EB}.Debug|Any CPU.Build.0 = Debug|Any CPU
		{5EB9A4DE-BC0A-45F6-B86F-E39DAF2629EB}.Debug|ARM.ActiveCfg = Debug|Any CPU
		{5EB9A4DE-BC0A-45F6-B86F-E39DAF2629EB}.Debug|x64.ActiveCfg = Debug|Any CPU
		{5EB9A4DE-BC0A-45F6-B86F-E39DAF2629EB}.Debug|x86.ActiveCfg = Debug|Any CPU
		{5EB9A4DE-BC0A-45F6-B86F-E39DAF2629EB}.Release|Any CPU.ActiveCfg = Release|Any CPU
		{5EB9A4DE-BC0A-45F6-B86F-E39DAF2629EB}.Release|Any CPU.Build.0 = Release|Any CPU
		{5EB9A4DE-BC0A-45F6-B86F-E39DAF2629EB}.Release|ARM.ActiveCfg = Release|Any CPU
		{5EB9A4DE-BC0A-45F6-B86F-E39DAF2629EB}.Release|x64.ActiveCfg = Release|Any CPU
		{5EB9A4DE-BC0A-45F6-B86F-E39DAF2629EB}.Release|x86.ActiveCfg = Release|Any CPU
		{8D4AE916-6073-4E8F-A3C2-B4E509E38011}.Debug|Any CPU.ActiveCfg = Debug|Any CPU
		{8D4AE916-6073-4E8F-A3C2-B4E509E38011}.Debug|Any CPU.Build.0 = Debug|Any CPU
		{8D4AE916-6073-4E8F-A3C2-B4E509E38011}.Debug|ARM.ActiveCfg = Debug|Any CPU
		{8D4AE916-6073-4E8F-A3C2-B4E509E38011}.Debug|x64.ActiveCfg = Debug|Any CPU
		{8D4AE916-6073-4E8F-A3C2-B4E509E38011}.Debug|x86.ActiveCfg = Debug|Any CPU
		{8D4AE916-6073-4E8F-A3C2-B4E509E38011}.Release|Any CPU.ActiveCfg = Release|Any CPU
		{8D4AE916-6073-4E8F-A3C2-B4E509E38011}.Release|Any CPU.Build.0 = Release|Any CPU
		{8D4AE916-6073-4E8F-A3C2-B4E509E38011}.Release|ARM.ActiveCfg = Release|Any CPU
		{8D4AE916-6073-4E8F-A3C2-B4E509E38011}.Release|x64.ActiveCfg = Release|Any CPU
		{8D4AE916-6073-4E8F-A3C2-B4E509E38011}.Release|x86.ActiveCfg = Release|Any CPU
		{CF2D74B6-E99C-4C39-92F7-E36855C06BD5}.Debug|Any CPU.ActiveCfg = Debug|Any CPU
		{CF2D74B6-E99C-4C39-92F7-E36855C06BD5}.Debug|Any CPU.Build.0 = Debug|Any CPU
		{CF2D74B6-E99C-4C39-92F7-E36855C06BD5}.Debug|ARM.ActiveCfg = Debug|Any CPU
		{CF2D74B6-E99C-4C39-92F7-E36855C06BD5}.Debug|x64.ActiveCfg = Debug|Any CPU
		{CF2D74B6-E99C-4C39-92F7-E36855C06BD5}.Debug|x86.ActiveCfg = Debug|Any CPU
		{CF2D74B6-E99C-4C39-92F7-E36855C06BD5}.Release|Any CPU.ActiveCfg = Release|Any CPU
		{CF2D74B6-E99C-4C39-92F7-E36855C06BD5}.Release|Any CPU.Build.0 = Release|Any CPU
		{CF2D74B6-E99C-4C39-92F7-E36855C06BD5}.Release|ARM.ActiveCfg = Release|Any CPU
		{CF2D74B6-E99C-4C39-92F7-E36855C06BD5}.Release|x64.ActiveCfg = Release|Any CPU
		{CF2D74B6-E99C-4C39-92F7-E36855C06BD5}.Release|x86.ActiveCfg = Release|Any CPU
		{7BADCBBD-77F0-45B2-9F3E-F384999A277F}.Debug|Any CPU.ActiveCfg = Debug|Any CPU
		{7BADCBBD-77F0-45B2-9F3E-F384999A277F}.Debug|Any CPU.Build.0 = Debug|Any CPU
		{7BADCBBD-77F0-45B2-9F3E-F384999A277F}.Debug|ARM.ActiveCfg = Debug|Any CPU
		{7BADCBBD-77F0-45B2-9F3E-F384999A277F}.Debug|x64.ActiveCfg = Debug|Any CPU
		{7BADCBBD-77F0-45B2-9F3E-F384999A277F}.Debug|x86.ActiveCfg = Debug|Any CPU
		{7BADCBBD-77F0-45B2-9F3E-F384999A277F}.Release|Any CPU.ActiveCfg = Release|Any CPU
		{7BADCBBD-77F0-45B2-9F3E-F384999A277F}.Release|Any CPU.Build.0 = Release|Any CPU
		{7BADCBBD-77F0-45B2-9F3E-F384999A277F}.Release|ARM.ActiveCfg = Release|Any CPU
		{7BADCBBD-77F0-45B2-9F3E-F384999A277F}.Release|x64.ActiveCfg = Release|Any CPU
		{7BADCBBD-77F0-45B2-9F3E-F384999A277F}.Release|x86.ActiveCfg = Release|Any CPU
	EndGlobalSection
	GlobalSection(SolutionProperties) = preSolution
		HideSolutionNode = FALSE
	EndGlobalSection
EndGlobal
